
Microsoft Visual Studio Solution File, Format Version 12.00
# Visual Studio Version 16
VisualStudioVersion = 16.0.31424.327
MinimumVisualStudioVersion = 10.0.40219.1
Project("{FAE04EC0-301F-11D3-BF4B-00C04F79EFBC}") = "MMS", "MMS\MMS.csproj", "{4A1B4BEC-B2FA-45AC-8F68-0564E54F20EE}"
EndProject
Global
	GlobalSection(SolutionConfigurationPlatforms) = preSolution
		Debug|Any CPU = Debug|Any CPU
		Release|Any CPU = Release|Any CPU
	EndGlobalSection
	GlobalSection(ProjectConfigurationPlatforms) = postSolution
		{4A1B4BEC-B2FA-45AC-8F68-0564E54F20EE}.Debug|Any CPU.ActiveCfg = Debug|Any CPU
		{4A1B4BEC-B2FA-45AC-8F68-0564E54F20EE}.Debug|Any CPU.Build.0 = Debug|Any CPU
		{4A1B4BEC-B2FA-45AC-8F68-0564E54F20EE}.Release|Any CPU.ActiveCfg = Release|Any CPU
		{4A1B4BEC-B2FA-45AC-8F68-0564E54F20EE}.Release|Any CPU.Build.0 = Release|Any CPU
	EndGlobalSection
	GlobalSection(SolutionProperties) = preSolution
		HideSolutionNode = FALSE
	EndGlobalSection
	GlobalSection(ExtensibilityGlobals) = postSolution
		SolutionGuid = {C174261A-71A0-4515-9FAB-F8F34BE52787}
	EndGlobalSection
EndGlobal
